
Microsoft Visual Studio Solution File, Format Version 12.00
# Visual Studio Version 17
VisualStudioVersion = 17.14.36414.22 d17.14
MinimumVisualStudioVersion = 10.0.40219.1
Project("{FAE04EC0-301F-11D3-BF4B-00C04F79EFBC}") = "roteiro 2", "roteiro 2\roteiro 2.csproj", "{0A5539E1-07D1-4880-BCAD-46D91BF39A85}"
EndProject
Global
	GlobalSection(SolutionConfigurationPlatforms) = preSolution
		Debug|Any CPU = Debug|Any CPU
		Release|Any CPU = Release|Any CPU
	EndGlobalSection
	GlobalSection(ProjectConfigurationPlatforms) = postSolution
		{0A5539E1-07D1-4880-BCAD-46D91BF39A85}.Debug|Any CPU.ActiveCfg = Debug|Any CPU
		{0A5539E1-07D1-4880-BCAD-46D91BF39A85}.Debug|Any CPU.Build.0 = Debug|Any CPU
		{0A5539E1-07D1-4880-BCAD-46D91BF39A85}.Release|Any CPU.ActiveCfg = Release|Any CPU
		{0A5539E1-07D1-4880-BCAD-46D91BF39A85}.Release|Any CPU.Build.0 = Release|Any CPU
	EndGlobalSection
	GlobalSection(SolutionProperties) = preSolution
		HideSolutionNode = FALSE
	EndGlobalSection
	GlobalSection(ExtensibilityGlobals) = postSolution
		SolutionGuid = {DE250D66-AC65-4C01-944B-528D30AE3169}
	EndGlobalSection
EndGlobal
